// !$*UTF8*$!
{
	archiveVersion = 1;
	classes = {
	};
	objectVersion = 50;
	objects = {

/* Begin PBXBuildFile section */
		82D003B1255AFDCF00C457A1 /* FlaggerApp.swift in Sources */ = {isa = PBXBuildFile; fileRef = 82D003B0255AFDCF00C457A1 /* FlaggerApp.swift */; };
		82D003B3255AFDCF00C457A1 /* ContentView.swift in Sources */ = {isa = PBXBuildFile; fileRef = 82D003B2255AFDCF00C457A1 /* ContentView.swift */; };
		82D003B5255AFDD000C457A1 /* Assets.xcassets in Resources */ = {isa = PBXBuildFile; fileRef = 82D003B4255AFDD000C457A1 /* Assets.xcassets */; };
		82D003B8255AFDD000C457A1 /* Preview Assets.xcassets in Resources */ = {isa = PBXBuildFile; fileRef = 82D003B7255AFDD000C457A1 /* Preview Assets.xcassets */; };
		82D003C3255AFDD000C457A1 /* FlaggerTests.swift in Sources */ = {isa = PBXBuildFile; fileRef = 82D003C2255AFDD000C457A1 /* FlaggerTests.swift */; };
		82D003CE255AFDD000C457A1 /* FlaggerUITests.swift in Sources */ = {isa = PBXBuildFile; fileRef = 82D003CD255AFDD000C457A1 /* FlaggerUITests.swift */; };
/* End PBXBuildFile section */

/* Begin PBXContainerItemProxy section */
		82D003BF255AFDD000C457A1 /* PBXContainerItemProxy */ = {
			isa = PBXContainerItemProxy;
			containerPortal = 82D003A5255AFDCF00C457A1 /* Project object */;
			proxyType = 1;
			remoteGlobalIDString = 82D003AC255AFDCF00C457A1;
			remoteInfo = Flagger;
		};
		82D003CA255AFDD000C457A1 /* PBXContainerItemProxy */ = {
			isa = PBXContainerItemProxy;
			containerPortal = 82D003A5255AFDCF00C457A1 /* Project object */;
			proxyType = 1;
			remoteGlobalIDString = 82D003AC255AFDCF00C457A1;
			remoteInfo = Flagger;
		};
/* End PBXContainerItemProxy section */

/* Begin PBXFileReference section */
		82D003AD255AFDCF00C457A1 /* Flagger.app */ = {isa = PBXFileReference; explicitFileType = wrapper.application; includeInIndex = 0; path = Flagger.app; sourceTree = BUILT_PRODUCTS_DIR; };
		82D003B0255AFDCF00C457A1 /* FlaggerApp.swift */ = {isa = PBXFileReference; lastKnownFileType = sourcecode.swift; path = FlaggerApp.swift; sourceTree = "<group>"; };
		82D003B2255AFDCF00C457A1 /* ContentView.swift */ = {isa = PBXFileReference; lastKnownFileType = sourcecode.swift; path = ContentView.swift; sourceTree = "<group>"; };
		82D003B4255AFDD000C457A1 /* Assets.xcassets */ = {isa = PBXFileReference; lastKnownFileType = folder.assetcatalog; path = Assets.xcassets; sourceTree = "<group>"; };
		82D003B7255AFDD000C457A1 /* Preview Assets.xcassets */ = {isa = PBXFileReference; lastKnownFileType = folder.assetcatalog; path = "Preview Assets.xcassets"; sourceTree = "<group>"; };
		82D003B9255AFDD000C457A1 /* Info.plist */ = {isa = PBXFileReference; lastKnownFileType = text.plist.xml; path = Info.plist; sourceTree = "<group>"; };
		82D003BE255AFDD000C457A1 /* FlaggerTests.xctest */ = {isa = PBXFileReference; explicitFileType = wrapper.cfbundle; includeInIndex = 0; path = FlaggerTests.xctest; sourceTree = BUILT_PRODUCTS_DIR; };
		82D003C2255AFDD000C457A1 /* FlaggerTests.swift */ = {isa = PBXFileReference; lastKnownFileType = sourcecode.swift; path = FlaggerTests.swift; sourceTree = "<group>"; };
		82D003C4255AFDD000C457A1 /* Info.plist */ = {isa = PBXFileReference; lastKnownFileType = text.plist.xml; path = Info.plist; sourceTree = "<group>"; };
		82D003C9255AFDD000C457A1 /* FlaggerUITests.xctest */ = {isa = PBXFileReference; explicitFileType = wrapper.cfbundle; includeInIndex = 0; path = FlaggerUITests.xctest; sourceTree = BUILT_PRODUCTS_DIR; };
		82D003CD255AFDD000C457A1 /* FlaggerUITests.swift */ = {isa = PBXFileReference; lastKnownFileType = sourcecode.swift; path = FlaggerUITests.swift; sourceTree = "<group>"; };
		82D003CF255AFDD000C457A1 /* Info.plist */ = {isa = PBXFileReference; lastKnownFileType = text.plist.xml; path = Info.plist; sourceTree = "<group>"; };
/* End PBXFileReference section */

/* Begin PBXFrameworksBuildPhase section */
		82D003AA255AFDCF00C457A1 /* Frameworks */ = {
			isa = PBXFrameworksBuildPhase;
			buildActionMask = 2147483647;
			files = (
			);
			runOnlyForDeploymentPostprocessing = 0;
		};
		82D003BB255AFDD000C457A1 /* Frameworks */ = {
			isa = PBXFrameworksBuildPhase;
			buildActionMask = 2147483647;
			files = (
			);
			runOnlyForDeploymentPostprocessing = 0;
		};
		82D003C6255AFDD000C457A1 /* Frameworks */ = {
			isa = PBXFrameworksBuildPhase;
			buildActionMask = 2147483647;
			files = (
			);
			runOnlyForDeploymentPostprocessing = 0;
		};
/* End PBXFrameworksBuildPhase section */

/* Begin PBXGroup section */
		82D003A4255AFDCF00C457A1 = {
			isa = PBXGroup;
			children = (
				82D003AF255AFDCF00C457A1 /* Flagger */,
				82D003C1255AFDD000C457A1 /* FlaggerTests */,
				82D003CC255AFDD000C457A1 /* FlaggerUITests */,
				82D003AE255AFDCF00C457A1 /* Products */,
			);
			sourceTree = "<group>";
		};
		82D003AE255AFDCF00C457A1 /* Products */ = {
			isa = PBXGroup;
			children = (
				82D003AD255AFDCF00C457A1 /* Flagger.app */,
				82D003BE255AFDD000C457A1 /* FlaggerTests.xctest */,
				82D003C9255AFDD000C457A1 /* FlaggerUITests.xctest */,
			);
			name = Products;
			sourceTree = "<group>";
		};
		82D003AF255AFDCF00C457A1 /* Flagger */ = {
			isa = PBXGroup;
			children = (
				82D003B0255AFDCF00C457A1 /* FlaggerApp.swift */,
				82D003B2255AFDCF00C457A1 /* ContentView.swift */,
				82D003B4255AFDD000C457A1 /* Assets.xcassets */,
				82D003B9255AFDD000C457A1 /* Info.plist */,
				82D003B6255AFDD000C457A1 /* Preview Content */,
			);
			path = Flagger;
			sourceTree = "<group>";
		};
		82D003B6255AFDD000C457A1 /* Preview Content */ = {
			isa = PBXGroup;
			children = (
				82D003B7255AFDD000C457A1 /* Preview Assets.xcassets */,
			);
			path = "Preview Content";
			sourceTree = "<group>";
		};
		82D003C1255AFDD000C457A1 /* FlaggerTests */ = {
			isa = PBXGroup;
			children = (
				82D003C2255AFDD000C457A1 /* FlaggerTests.swift */,
				82D003C4255AFDD000C457A1 /* Info.plist */,
			);
			path = FlaggerTests;
			sourceTree = "<group>";
		};
		82D003CC255AFDD000C457A1 /* FlaggerUITests */ = {
			isa = PBXGroup;
			children = (
				82D003CD255AFDD000C457A1 /* FlaggerUITests.swift */,
				82D003CF255AFDD000C457A1 /* Info.plist */,
			);
			path = FlaggerUITests;
			sourceTree = "<group>";
		};
/* End PBXGroup section */

/* Begin PBXNativeTarget section */
		82D003AC255AFDCF00C457A1 /* Flagger */ = {
			isa = PBXNativeTarget;
			buildConfigurationList = 82D003D2255AFDD000C457A1 /* Build configuration list for PBXNativeTarget "Flagger" */;
			buildPhases = (
				82D003A9255AFDCF00C457A1 /* Sources */,
				82D003AA255AFDCF00C457A1 /* Frameworks */,
				82D003AB255AFDCF00C457A1 /* Resources */,
			);
			buildRules = (
			);
			dependencies = (
			);
			name = Flagger;
			productName = Flagger;
			productReference = 82D003AD255AFDCF00C457A1 /* Flagger.app */;
			productType = "com.apple.product-type.application";
		};
		82D003BD255AFDD000C457A1 /* FlaggerTests */ = {
			isa = PBXNativeTarget;
			buildConfigurationList = 82D003D5255AFDD000C457A1 /* Build configuration list for PBXNativeTarget "FlaggerTests" */;
			buildPhases = (
				82D003BA255AFDD000C457A1 /* Sources */,
				82D003BB255AFDD000C457A1 /* Frameworks */,
				82D003BC255AFDD000C457A1 /* Resources */,
			);
			buildRules = (
			);
			dependencies = (
				82D003C0255AFDD000C457A1 /* PBXTargetDependency */,
			);
			name = FlaggerTests;
			productName = FlaggerTests;
			productReference = 82D003BE255AFDD000C457A1 /* FlaggerTests.xctest */;
			productType = "com.apple.product-type.bundle.unit-test";
		};
		82D003C8255AFDD000C457A1 /* FlaggerUITests */ = {
			isa = PBXNativeTarget;
			buildConfigurationList = 82D003D8255AFDD000C457A1 /* Build configuration list for PBXNativeTarget "FlaggerUITests" */;
			buildPhases = (
				82D003C5255AFDD000C457A1 /* Sources */,
				82D003C6255AFDD000C457A1 /* Frameworks */,
				82D003C7255AFDD000C457A1 /* Resources */,
			);
			buildRules = (
			);
			dependencies = (
				82D003CB255AFDD000C457A1 /* PBXTargetDependency */,
			);
			name = FlaggerUITests;
			productName = FlaggerUITests;
			productReference = 82D003C9255AFDD000C457A1 /* FlaggerUITests.xctest */;
			productType = "com.apple.product-type.bundle.ui-testing";
		};
/* End PBXNativeTarget section */

/* Begin PBXProject section */
		82D003A5255AFDCF00C457A1 /* Project object */ = {
			isa = PBXProject;
			attributes = {
				LastSwiftUpdateCheck = 1210;
				LastUpgradeCheck = 1210;
				TargetAttributes = {
					82D003AC255AFDCF00C457A1 = {
						CreatedOnToolsVersion = 12.1;
					};
					82D003BD255AFDD000C457A1 = {
						CreatedOnToolsVersion = 12.1;
						TestTargetID = 82D003AC255AFDCF00C457A1;
					};
					82D003C8255AFDD000C457A1 = {
						CreatedOnToolsVersion = 12.1;
						TestTargetID = 82D003AC255AFDCF00C457A1;
					};
				};
			};
			buildConfigurationList = 82D003A8255AFDCF00C457A1 /* Build configuration list for PBXProject "Flagger" */;
			compatibilityVersion = "Xcode 9.3";
			developmentRegion = en;
			hasScannedForEncodings = 0;
			knownRegions = (
				en,
				Base,
			);
			mainGroup = 82D003A4255AFDCF00C457A1;
			productRefGroup = 82D003AE255AFDCF00C457A1 /* Products */;
			projectDirPath = "";
			projectRoot = "";
			targets = (
				82D003AC255AFDCF00C457A1 /* Flagger */,
				82D003BD255AFDD000C457A1 /* FlaggerTests */,
				82D003C8255AFDD000C457A1 /* FlaggerUITests */,
			);
		};
/* End PBXProject section */

/* Begin PBXResourcesBuildPhase section */
		82D003AB255AFDCF00C457A1 /* Resources */ = {
			isa = PBXResourcesBuildPhase;
			buildActionMask = 2147483647;
			files = (
				82D003B8255AFDD000C457A1 /* Preview Assets.xcassets in Resources */,
				82D003B5255AFDD000C457A1 /* Assets.xcassets in Resources */,
			);
			runOnlyForDeploymentPostprocessing = 0;
		};
		82D003BC255AFDD000C457A1 /* Resources */ = {
			isa = PBXResourcesBuildPhase;
			buildActionMask = 2147483647;
			files = (
			);
			runOnlyForDeploymentPostprocessing = 0;
		};
		82D003C7255AFDD000C457A1 /* Resources */ = {
			isa = PBXResourcesBuildPhase;
			buildActionMask = 2147483647;
			files = (
			);
			runOnlyForDeploymentPostprocessing = 0;
		};
/* End PBXResourcesBuildPhase section */

/* Begin PBXSourcesBuildPhase section */
		82D003A9255AFDCF00C457A1 /* Sources */ = {
			isa = PBXSourcesBuildPhase;
			buildActionMask = 2147483647;
			files = (
				82D003B3255AFDCF00C457A1 /* ContentView.swift in Sources */,
				82D003B1255AFDCF00C457A1 /* FlaggerApp.swift in Sources */,
			);
			runOnlyForDeploymentPostprocessing = 0;
		};
		82D003BA255AFDD000C457A1 /* Sources */ = {
			isa = PBXSourcesBuildPhase;
			buildActionMask = 2147483647;
			files = (
				82D003C3255AFDD000C457A1 /* FlaggerTests.swift in Sources */,
			);
			runOnlyForDeploymentPostprocessing = 0;
		};
		82D003C5255AFDD000C457A1 /* Sources */ = {
			isa = PBXSourcesBuildPhase;
			buildActionMask = 2147483647;
			files = (
				82D003CE255AFDD000C457A1 /* FlaggerUITests.swift in Sources */,
			);
			runOnlyForDeploymentPostprocessing = 0;
		};
/* End PBXSourcesBuildPhase section */

/* Begin PBXTargetDependency section */
		82D003C0255AFDD000C457A1 /* PBXTargetDependency */ = {
			isa = PBXTargetDependency;
			target = 82D003AC255AFDCF00C457A1 /* Flagger */;
			targetProxy = 82D003BF255AFDD000C457A1 /* PBXContainerItemProxy */;
		};
		82D003CB255AFDD000C457A1 /* PBXTargetDependency */ = {
			isa = PBXTargetDependency;
			target = 82D003AC255AFDCF00C457A1 /* Flagger */;
			targetProxy = 82D003CA255AFDD000C457A1 /* PBXContainerItemProxy */;
		};
/* End PBXTargetDependency section */

/* Begin XCBuildConfiguration section */
		82D003D0255AFDD000C457A1 /* Debug */ = {
			isa = XCBuildConfiguration;
			buildSettings = {
				ALWAYS_SEARCH_USER_PATHS = NO;
				CLANG_ANALYZER_NONNULL = YES;
				CLANG_ANALYZER_NUMBER_OBJECT_CONVERSION = YES_AGGRESSIVE;
				CLANG_CXX_LANGUAGE_STANDARD = "gnu++14";
				CLANG_CXX_LIBRARY = "libc++";
				CLANG_ENABLE_MODULES = YES;
				CLANG_ENABLE_OBJC_ARC = YES;
				CLANG_ENABLE_OBJC_WEAK = YES;
				CLANG_WARN_BLOCK_CAPTURE_AUTORELEASING = YES;
				CLANG_WARN_BOOL_CONVERSION = YES;
				CLANG_WARN_COMMA = YES;
				CLANG_WARN_CONSTANT_CONVERSION = YES;
				CLANG_WARN_DEPRECATED_OBJC_IMPLEMENTATIONS = YES;
				CLANG_WARN_DIRECT_OBJC_ISA_USAGE = YES_ERROR;
				CLANG_WARN_DOCUMENTATION_COMMENTS = YES;
				CLANG_WARN_EMPTY_BODY = YES;
				CLANG_WARN_ENUM_CONVERSION = YES;
				CLANG_WARN_INFINITE_RECURSION = YES;
				CLANG_WARN_INT_CONVERSION = YES;
				CLANG_WARN_NON_LITERAL_NULL_CONVERSION = YES;
				CLANG_WARN_OBJC_IMPLICIT_RETAIN_SELF = YES;
				CLANG_WARN_OBJC_LITERAL_CONVERSION = YES;
				CLANG_WARN_OBJC_ROOT_CLASS = YES_ERROR;
				CLANG_WARN_QUOTED_INCLUDE_IN_FRAMEWORK_HEADER = YES;
				CLANG_WARN_RANGE_LOOP_ANALYSIS = YES;
				CLANG_WARN_STRICT_PROTOTYPES = YES;
				CLANG_WARN_SUSPICIOUS_MOVE = YES;
				CLANG_WARN_UNGUARDED_AVAILABILITY = YES_AGGRESSIVE;
				CLANG_WARN_UNREACHABLE_CODE = YES;
				CLANG_WARN__DUPLICATE_METHOD_MATCH = YES;
				COPY_PHASE_STRIP = NO;
				DEBUG_INFORMATION_FORMAT = dwarf;
				ENABLE_STRICT_OBJC_MSGSEND = YES;
				ENABLE_TESTABILITY = YES;
				GCC_C_LANGUAGE_STANDARD = gnu11;
				GCC_DYNAMIC_NO_PIC = NO;
				GCC_NO_COMMON_BLOCKS = YES;
				GCC_OPTIMIZATION_LEVEL = 0;
				GCC_PREPROCESSOR_DEFINITIONS = (
					"DEBUG=1",
					"$(inherited)",
				);
				GCC_WARN_64_TO_32_BIT_CONVERSION = YES;
				GCC_WARN_ABOUT_RETURN_TYPE = YES_ERROR;
				GCC_WARN_UNDECLARED_SELECTOR = YES;
				GCC_WARN_UNINITIALIZED_AUTOS = YES_AGGRESSIVE;
				GCC_WARN_UNUSED_FUNCTION = YES;
				GCC_WARN_UNUSED_VARIABLE = YES;
				IPHONEOS_DEPLOYMENT_TARGET = 14.1;
				MTL_ENABLE_DEBUG_INFO = INCLUDE_SOURCE;
				MTL_FAST_MATH = YES;
				ONLY_ACTIVE_ARCH = YES;
				SDKROOT = iphoneos;
				SWIFT_ACTIVE_COMPILATION_CONDITIONS = DEBUG;
				SWIFT_OPTIMIZATION_LEVEL = "-Onone";
			};
			name = Debug;
		};
		82D003D1255AFDD000C457A1 /* Release */ = {
			isa = XCBuildConfiguration;
			buildSettings = {
				ALWAYS_SEARCH_USER_PATHS = NO;
				CLANG_ANALYZER_NONNULL = YES;
				CLANG_ANALYZER_NUMBER_OBJECT_CONVERSION = YES_AGGRESSIVE;
				CLANG_CXX_LANGUAGE_STANDARD = "gnu++14";
				CLANG_CXX_LIBRARY = "libc++";
				CLANG_ENABLE_MODULES = YES;
				CLANG_ENABLE_OBJC_ARC = YES;
				CLANG_ENABLE_OBJC_WEAK = YES;
				CLANG_WARN_BLOCK_CAPTURE_AUTORELEASING = YES;
				CLANG_WARN_BOOL_CONVERSION = YES;
				CLANG_WARN_COMMA = YES;
				CLANG_WARN_CONSTANT_CONVERSION = YES;
				CLANG_WARN_DEPRECATED_OBJC_IMPLEMENTATIONS = YES;
				CLANG_WARN_DIRECT_OBJC_ISA_USAGE = YES_ERROR;
				CLANG_WARN_DOCUMENTATION_COMMENTS = YES;
				CLANG_WARN_EMPTY_BODY = YES;
				CLANG_WARN_ENUM_CONVERSION = YES;
				CLANG_WARN_INFINITE_RECURSION = YES;
				CLANG_WARN_INT_CONVERSION = YES;
				CLANG_WARN_NON_LITERAL_NULL_CONVERSION = YES;
				CLANG_WARN_OBJC_IMPLICIT_RETAIN_SELF = YES;
				CLANG_WARN_OBJC_LITERAL_CONVERSION = YES;
				CLANG_WARN_OBJC_ROOT_CLASS = YES_ERROR;
				CLANG_WARN_QUOTED_INCLUDE_IN_FRAMEWORK_HEADER = YES;
				CLANG_WARN_RANGE_LOOP_ANALYSIS = YES;
				CLANG_WARN_STRICT_PROTOTYPES = YES;
				CLANG_WARN_SUSPICIOUS_MOVE = YES;
				CLANG_WARN_UNGUARDED_AVAILABILITY = YES_AGGRESSIVE;
				CLANG_WARN_UNREACHABLE_CODE = YES;
				CLANG_WARN__DUPLICATE_METHOD_MATCH = YES;
				COPY_PHASE_STRIP = NO;
				DEBUG_INFORMATION_FORMAT = "dwarf-with-dsym";
				ENABLE_NS_ASSERTIONS = NO;
				ENABLE_STRICT_OBJC_MSGSEND = YES;
				GCC_C_LANGUAGE_STANDARD = gnu11;
				GCC_NO_COMMON_BLOCKS = YES;
				GCC_WARN_64_TO_32_BIT_CONVERSION = YES;
				GCC_WARN_ABOUT_RETURN_TYPE = YES_ERROR;
				GCC_WARN_UNDECLARED_SELECTOR = YES;
				GCC_WARN_UNINITIALIZED_AUTOS = YES_AGGRESSIVE;
				GCC_WARN_UNUSED_FUNCTION = YES;
				GCC_WARN_UNUSED_VARIABLE = YES;
				IPHONEOS_DEPLOYMENT_TARGET = 14.1;
				MTL_ENABLE_DEBUG_INFO = NO;
				MTL_FAST_MATH = YES;
				SDKROOT = iphoneos;
				SWIFT_COMPILATION_MODE = wholemodule;
				SWIFT_OPTIMIZATION_LEVEL = "-O";
				VALIDATE_PRODUCT = YES;
			};
			name = Release;
		};
		82D003D3255AFDD000C457A1 /* Debug */ = {
			isa = XCBuildConfiguration;
			buildSettings = {
				ASSETCATALOG_COMPILER_APPICON_NAME = AppIcon;
				ASSETCATALOG_COMPILER_GLOBAL_ACCENT_COLOR_NAME = AccentColor;
				CODE_SIGN_STYLE = Automatic;
				DEVELOPMENT_ASSET_PATHS = "\"Flagger/Preview Content\"";
				DEVELOPMENT_TEAM = 93BMXJR4C7;
				ENABLE_PREVIEWS = YES;
				INFOPLIST_FILE = Flagger/Info.plist;
				IPHONEOS_DEPLOYMENT_TARGET = 14.0;
				LD_RUNPATH_SEARCH_PATHS = (
					"$(inherited)",
					"@executable_path/Frameworks",
				);
				PRODUCT_BUNDLE_IDENTIFIER = com.egecavusoglu.Flagger;
				PRODUCT_NAME = "$(TARGET_NAME)";
				SWIFT_VERSION = 5.0;
				TARGETED_DEVICE_FAMILY = "1,2";
			};
			name = Debug;
		};
		82D003D4255AFDD000C457A1 /* Release */ = {
			isa = XCBuildConfiguration;
			buildSettings = {
				ASSETCATALOG_COMPILER_APPICON_NAME = AppIcon;
				ASSETCATALOG_COMPILER_GLOBAL_ACCENT_COLOR_NAME = AccentColor;
				CODE_SIGN_STYLE = Automatic;
				DEVELOPMENT_ASSET_PATHS = "\"Flagger/Preview Content\"";
				DEVELOPMENT_TEAM = 93BMXJR4C7;
				ENABLE_PREVIEWS = YES;
				INFOPLIST_FILE = Flagger/Info.plist;
				IPHONEOS_DEPLOYMENT_TARGET = 14.0;
				LD_RUNPATH_SEARCH_PATHS = (
					"$(inherited)",
					"@executable_path/Frameworks",
				);
				PRODUCT_BUNDLE_IDENTIFIER = com.egecavusoglu.Flagger;
				PRODUCT_NAME = "$(TARGET_NAME)";
				SWIFT_VERSION = 5.0;
				TARGETED_DEVICE_FAMILY = "1,2";
			};
			name = Release;
		};
		82D003D6255AFDD000C457A1 /* Debug */ = {
			isa = XCBuildConfiguration;
			buildSettings = {
				ALWAYS_EMBED_SWIFT_STANDARD_LIBRARIES = YES;
				BUNDLE_LOADER = "$(TEST_HOST)";
				CODE_SIGN_STYLE = Automatic;
				DEVELOPMENT_TEAM = 93BMXJR4C7;
				INFOPLIST_FILE = FlaggerTests/Info.plist;
				IPHONEOS_DEPLOYMENT_TARGET = 14.0;
				LD_RUNPATH_SEARCH_PATHS = (
					"$(inherited)",
					"@executable_path/Frameworks",
					"@loader_path/Frameworks",
				);
				PRODUCT_BUNDLE_IDENTIFIER = com.egecavusoglu.FlaggerTests;
				PRODUCT_NAME = "$(TARGET_NAME)";
				SWIFT_VERSION = 5.0;
				TARGETED_DEVICE_FAMILY = "1,2";
				TEST_HOST = "$(BUILT_PRODUCTS_DIR)/Flagger.app/Flagger";
			};
			name = Debug;
		};
		82D003D7255AFDD000C457A1 /* Release */ = {
			isa = XCBuildConfiguration;
			buildSettings = {
				ALWAYS_EMBED_SWIFT_STANDARD_LIBRARIES = YES;
				BUNDLE_LOADER = "$(TEST_HOST)";
				CODE_SIGN_STYLE = Automatic;
				DEVELOPMENT_TEAM = 93BMXJR4C7;
				INFOPLIST_FILE = FlaggerTests/Info.plist;
				IPHONEOS_DEPLOYMENT_TARGET = 14.0;
				LD_RUNPATH_SEARCH_PATHS = (
					"$(inherited)",
					"@executable_path/Frameworks",
					"@loader_path/Frameworks",
				);
				PRODUCT_BUNDLE_IDENTIFIER = com.egecavusoglu.FlaggerTests;
				PRODUCT_NAME = "$(TARGET_NAME)";
				SWIFT_VERSION = 5.0;
				TARGETED_DEVICE_FAMILY = "1,2";
				TEST_HOST = "$(BUILT_PRODUCTS_DIR)/Flagger.app/Flagger";
			};
			name = Release;
		};
		82D003D9255AFDD000C457A1 /* Debug */ = {
			isa = XCBuildConfiguration;
			buildSettings = {
				ALWAYS_EMBED_SWIFT_STANDARD_LIBRARIES = YES;
				CODE_SIGN_STYLE = Automatic;
				DEVELOPMENT_TEAM = 93BMXJR4C7;
				INFOPLIST_FILE = FlaggerUITests/Info.plist;
				LD_RUNPATH_SEARCH_PATHS = (
					"$(inherited)",
					"@executable_path/Frameworks",
					"@loader_path/Frameworks",
				);
				PRODUCT_BUNDLE_IDENTIFIER = com.egecavusoglu.FlaggerUITests;
				PRODUCT_NAME = "$(TARGET_NAME)";
				SWIFT_VERSION = 5.0;
				TARGETED_DEVICE_FAMILY = "1,2";
				TEST_TARGET_NAME = Flagger;
			};
			name = Debug;
		};
		82D003DA255AFDD000C457A1 /* Release */ = {
			isa = XCBuildConfiguration;
			buildSettings = {
				ALWAYS_EMBED_SWIFT_STANDARD_LIBRARIES = YES;
				CODE_SIGN_STYLE = Automatic;
				DEVELOPMENT_TEAM = 93BMXJR4C7;
				INFOPLIST_FILE = FlaggerUITests/Info.plist;
				LD_RUNPATH_SEARCH_PATHS = (
					"$(inherited)",
					"@executable_path/Frameworks",
					"@loader_path/Frameworks",
				);
				PRODUCT_BUNDLE_IDENTIFIER = com.egecavusoglu.FlaggerUITests;
				PRODUCT_NAME = "$(TARGET_NAME)";
				SWIFT_VERSION = 5.0;
				TARGETED_DEVICE_FAMILY = "1,2";
				TEST_TARGET_NAME = Flagger;
			};
			name = Release;
		};
/* End XCBuildConfiguration section */

/* Begin XCConfigurationList section */
		82D003A8255AFDCF00C457A1 /* Build configuration list for PBXProject "Flagger" */ = {
			isa = XCConfigurationList;
			buildConfigurations = (
				82D003D0255AFDD000C457A1 /* Debug */,
				82D003D1255AFDD000C457A1 /* Release */,
			);
			defaultConfigurationIsVisible = 0;
			defaultConfigurationName = Release;
		};
		82D003D2255AFDD000C457A1 /* Build configuration list for PBXNativeTarget "Flagger" */ = {
			isa = XCConfigurationList;
			buildConfigurations = (
				82D003D3255AFDD000C457A1 /* Debug */,
				82D003D4255AFDD000C457A1 /* Release */,
			);
			defaultConfigurationIsVisible = 0;
			defaultConfigurationName = Release;
		};
		82D003D5255AFDD000C457A1 /* Build configuration list for PBXNativeTarget "FlaggerTests" */ = {
			isa = XCConfigurationList;
			buildConfigurations = (
				82D003D6255AFDD000C457A1 /* Debug */,
				82D003D7255AFDD000C457A1 /* Release */,
			);
			defaultConfigurationIsVisible = 0;
			defaultConfigurationName = Release;
		};
		82D003D8255AFDD000C457A1 /* Build configuration list for PBXNativeTarget "FlaggerUITests" */ = {
			isa = XCConfigurationList;
			buildConfigurations = (
				82D003D9255AFDD000C457A1 /* Debug */,
				82D003DA255AFDD000C457A1 /* Release */,
			);
			defaultConfigurationIsVisible = 0;
			defaultConfigurationName = Release;
		};
/* End XCConfigurationList section */
	};
	rootObject = 82D003A5255AFDCF00C457A1 /* Project object */;
}
